{
  "lockfileVersion": 1,
  "configVersion": 1,
  "workspaces": {
    "": {
      "name": "twin-packs-sandbox-workspace",
      "dependencies": {
        "@volter/twin-standard": "1.0.39",
        "@volter/world-core": "3.0.47",
        "@volter/world-runtime": "3.0.47",
        "playwright": "1.63.0",
      },
      "devDependencies": {
        "@types/bun": "^1.2.20",
        "@types/node": "^24.0.0",
        "typescript": "5.9.3",
      },
    },
  },
  "packages": {
    "@electric-sql/pglite": ["@electric-sql/pglite@0.5.8", "", {}, "sha512-n9tsbUOhwx2epK1V0ZG9Ar4SHWUju04dhmzZXiSBXwBoleOvIfals33NAaWgagQVAL4Rbvx/Ptsu3P+pA09f6Q=="],

    "@electric-sql/pglite-pgvector": ["@electric-sql/pglite-pgvector@0.0.9", "", { "peerDependencies": { "@electric-sql/pglite": "0.5.8" } }, "sha512-ue4iBW651gDQwBwn97Ekv1lYGPvXa1ymHbRbTCSL0Ib286PRDD1VDOwzwEoekZuO/wctMbTzKzlwdgDwYrqZ8A=="],

    "@lydell/node-pty": ["@lydell/node-pty@1.2.0-beta.15", "", { "optionalDependencies": { "@lydell/node-pty-darwin-arm64": "1.2.0-beta.15", "@lydell/node-pty-darwin-x64": "1.2.0-beta.15", "@lydell/node-pty-linux-arm64": "1.2.0-beta.15", "@lydell/node-pty-linux-x64": "1.2.0-beta.15", "@lydell/node-pty-win32-arm64": "1.2.0-beta.15", "@lydell/node-pty-win32-x64": "1.2.0-beta.15" } }, "sha512-Br8wBxzbxFwdWgk9uQ+rdzE0xfoxOK4QuGH54swhRwc5IxP6H9Y1/bcyazRGvNUs6XkB5qNVkezuKSRxUwZe7A=="],

    "@lydell/node-pty-darwin-arm64": ["@lydell/node-pty-darwin-arm64@1.2.0-beta.15", "", { "os": "darwin", "cpu": "arm64" }, "sha512-6TSBbzdcLiNTHl1mTuzflqXrkmcC36USVGvERoDgvHk2ItEDaMaFZuAJ1CqPmwYj0DyhCS16TVS8OGK9xZnjyQ=="],

    "@lydell/node-pty-darwin-x64": ["@lydell/node-pty-darwin-x64@1.2.0-beta.15", "", { "os": "darwin", "cpu": "x64" }, "sha512-yDT2oqPqYMBScyuk1U9Rg5VKcrbMOD9o9jWYYamDADA3NSbUISroPChrqYRQ74Y7BQtNH4gqYAiWOZRi5uQZ0Q=="],

    "@lydell/node-pty-linux-arm64": ["@lydell/node-pty-linux-arm64@1.2.0-beta.15", "", { "os": "linux", "cpu": "arm64" }, "sha512-wkbNF7dYAmtJv+o2+iztVlNwnUB4B0uX0wh/UD+mwMcmE2gNMnW9GChXO7fEE5XJokD0vB5idiHpGegaN+G/sg=="],

    "@lydell/node-pty-linux-x64": ["@lydell/node-pty-linux-x64@1.2.0-beta.15", "", { "os": "linux", "cpu": "x64" }, "sha512-+U/5AVvHT6W+8OCYcnJgN0Qgc0ycO3TfD6aaFJHK+WHij797f8gsi5dV1HEO9l6YQmWCD+VL5gaLDhx3mxHwCA=="],

    "@lydell/node-pty-win32-arm64": ["@lydell/node-pty-win32-arm64@1.2.0-beta.15", "", { "os": "win32", "cpu": "arm64" }, "sha512-pyAk91w7wnnKrD4mrHXtIXRfmzSWV5bEzvRhurXcMCtCc2TJ424ciUskIgWMhAPP6y3KyUnqElj+U6kY3iOt0A=="],

    "@lydell/node-pty-win32-x64": ["@lydell/node-pty-win32-x64@1.2.0-beta.15", "", { "os": "win32", "cpu": "x64" }, "sha512-2f8twEmDVxZ7drchAXjtevpmSPhFok0avAnzXro4t5gmz0xsPNKkoZvymwtuIS3xo7PzQqZOPQ/YzwEMb7oIzQ=="],

    "@mongodb-js/saslprep": ["@mongodb-js/saslprep@1.5.5", "", { "dependencies": { "sparse-bitfield": "^3.0.3" } }, "sha512-0PV4mvjGd2Q2/viDvXuoSNzTjQngHvtuWUry1vqvcK4Q/CTeO1zEKMf9set01DMocJnogl/pyNAdvyk+Pe0kQA=="],

    "@types/bun": ["@types/bun@1.4.2", "", { "dependencies": { "bun-types": "1.4.2" } }, "sha512-GimotNn7+ZV0uVArItBbriZsR1oNf0+WTzPkdcFrzShI7k2norL0uzEaJT8T33dWr7O/c9ZDuAFQrctKCi72oQ=="],

    "@types/node": ["@types/node@24.19.1", "", { "dependencies": { "undici-types": ">=7.24.0 <7.24.7" } }, "sha512-aS3/DG0oM05K0RIXXP+hKjinGG5IgSSVGzswZxW3O0sS3pH4/fycXundUC9XsszgKCk4gHXylTEK6hyFxVxnoQ=="],

    "@types/webidl-conversions": ["@types/webidl-conversions@7.0.3", "", {}, "sha512-CiJJvcRtIgzadHCYXw7dqEnMNRjhGZlYK05Mj9OyktqV8uVT8fD2BFOB7S1uwBE3Kj2Z+4UyPmFw/Ixgw/LAlA=="],

    "@types/whatwg-url": ["@types/whatwg-url@11.0.5", "", { "dependencies": { "@types/webidl-conversions": "*" } }, "sha512-coYR071JRaHa+xoEvvYqvnIHaVqaYrLPbsufM9BF63HkwI5Lgmy2QR8Q5K/lYDYo5AK82wOvSOS0UsLTpTG7uQ=="],

    "@volter/browser-host-node": ["@volter/browser-host-node@0.1.84", "", { "dependencies": { "@electric-sql/pglite": "0.5.8", "@volter/browser-runtime": "^0.1.5", "@volter/conduit": "^0.1.0", "pg-gateway": "0.3.0-beta.4", "ws": "^8.21.3" }, "optionalDependencies": { "@lydell/node-pty": "1.2.0-beta.15" }, "bin": { "browser-substrate-agent": "dist/bin/agent.js", "browser-substrate-pglite-host": "bin/pglite-host.mjs" } }, "sha512-dZ+x6xsA+JMco4frMvG6sNtOO8VbccQ7lPwvF3jeZQb6NLNdCS9c6rBFMKMltOrYcE8z/ziuwPf0WmSfY3h/pA=="],

    "@volter/browser-runtime": ["@volter/browser-runtime@0.1.104", "", { "dependencies": { "@volter/conduit": "^0.1.0" } }, "sha512-dKylznaiO60F4yRuTpfG+jaXuWuCXG1m/iL5jOGWCg0VNSyqZ5cl/8ZZz5D8KvLS7aQcRZGhjd9lLfKj0I+jgQ=="],

    "@volter/browser-sandboxes": ["@volter/browser-sandboxes@0.1.84", "", { "dependencies": { "@volter/browser-runtime": "^0.1.5" }, "bin": { "browser-substrate-mcp": "dist/bin/mcp.js", "browser-substrate-control-plane": "dist/bin/control-plane.js" } }, "sha512-QeOGeDMrmmchbLWlBwhURaYEncggDiebJD4N3GPDkbN26q245yuz4AO+Gh+B8cDXaJvXullQBQdJuksxzDbNhA=="],

    "@volter/conduit": ["@volter/conduit@0.1.1", "", { "peerDependencies": { "ws": "^8.21.3" }, "optionalPeers": ["ws"] }, "sha512-KhVfKxxNmDlzBURb7YYZbzGcwiq9pII8r6xmcF6nx37vhqHJ0PzoPtvHhKBzGR+WpB3eLa4hQcyTGNDIGOeORw=="],

    "@volter/twin-standard": ["@volter/twin-standard@1.0.39", "", { "dependencies": { "graphql": "^16.13.2", "typescript": "^5.9.0", "yaml": "2.9.0" }, "peerDependencies": { "@volter/world-core": "3.0.47", "@volter/world-runtime": "*", "playwright": "^1.63.0" }, "optionalPeers": ["@volter/world-runtime", "playwright"], "bin": { "twin-standard": "dist/src/cli.js" } }, "sha512-/31F4MyHnYtijRY8vhwxN0fvV7QwwccDVB15f9CEYpi9V8qBH637P40LOSBvrZ2GDPx4vg09UkB/Cl4j1a2Wlw=="],

    "@volter/world-access": ["@volter/world-access@3.0.1", "", {}, "sha512-AJNP8w8ECSCM1hga2vioPbwBa7LPGTGaGUHBFyhbKDY8ae59ep4gwad+W/ZZtpwAobAuOXZBKXcxJCEDt3pf9Q=="],

    "@volter/world-core": ["@volter/world-core@3.0.47", "", { "dependencies": { "ws": "^8.18.0", "zod": "^4.4.2" } }, "sha512-F0BZ8mWW8DaQAO5rtZFQ1yhT/0hfPEKQTp2JXsf2O4e5nW3//I7tz9TJbj96yV3JaGjHlk1TedoJny+iYIfEWQ=="],

    "@volter/world-runtime": ["@volter/world-runtime@3.0.47", "", { "dependencies": { "@electric-sql/pglite": "0.5.8", "@electric-sql/pglite-pgvector": "0.0.9", "@volter/browser-host-node": "0.1.84", "@volter/browser-runtime": "0.1.104", "@volter/browser-sandboxes": "0.1.84", "@volter/world-access": "3.0.1", "@volter/world-core": "3.0.47", "mongodb": "~6.20.0", "pg-gateway": "0.3.0-beta.4", "smol-toml": "^1.8.0", "yaml": "2.9.0" }, "peerDependencies": { "@volter/world-console": "3.0.42" }, "optionalPeers": ["@volter/world-console"], "bin": { "volter-world": "dist/src/cli.js", "volter-world-host": "dist/src/host-cli.js", "volter-world-infra": "dist/src/infra-cli.js", "volter-world-browser-proxy": "dist/src/browser-proxy-cli.js", "volter-world-actions-runner": "dist/src/actions-runner-cli.js" } }, "sha512-NatvqBfe0eCYBsbzsawhDtnnV2Z1pF9S3ebf5vFypVFQO6F6yENoaPuq1SO5gyq0eMeqFs3Z1aJHJUbOffqiAw=="],

    "bson": ["bson@6.10.4", "", {}, "sha512-WIsKqkSC0ABoBJuT1LEX+2HEvNmNKKgnTAyd0fL8qzK4SH2i9NXg+t08YtdZp/V9IZ33cxe3iV4yM0qg8lMQng=="],

    "bun-types": ["bun-types@1.4.2", "", { "dependencies": { "@types/node": "*" } }, "sha512-bxV1FgK7yBIzjRe5zBozIM4Bem11ZJcCXSrjWRG3YWLt8yFDePu4cLjpebO8OvPeIE9trbyPF4fuj3Cia4Fj3w=="],

    "graphql": ["graphql@16.14.2", "", {}, "sha512-Chq1s4CY7jmh8gO2qvLIJyfCDIN+EHLFW/9iShnp1z8FjBQMoodWP1kDC36VAMXXIvAjj4ARa7ntfAV2BrjsbA=="],

    "memory-pager": ["memory-pager@1.5.0", "", {}, "sha512-ZS4Bp4r/Zoeq6+NLJpP+0Zzm0pR8whtGPf1XExKLJBAczGMnSi3It14OiNCStjQjM6NU1okjQGSxgEZN8eBYKg=="],

    "mongodb": ["mongodb@6.20.0", "", { "dependencies": { "@mongodb-js/saslprep": "^1.3.0", "bson": "^6.10.4", "mongodb-connection-string-url": "^3.0.2" }, "peerDependencies": { "@aws-sdk/credential-providers": "^3.188.0", "@mongodb-js/zstd": "^1.1.0 || ^2.0.0", "gcp-metadata": "^5.2.0", "kerberos": "^2.0.1", "mongodb-client-encryption": ">=6.0.0 <7", "snappy": "^7.3.2", "socks": "^2.7.1" }, "optionalPeers": ["@aws-sdk/credential-providers", "@mongodb-js/zstd", "gcp-metadata", "kerberos", "mongodb-client-encryption", "snappy", "socks"] }, "sha512-Tl6MEIU3K4Rq3TSHd+sZQqRBoGlFsOgNrH5ltAcFBV62Re3Fd+FcaVf8uSEQFOJ51SDowDVttBTONMfoYWrWlQ=="],

    "mongodb-connection-string-url": ["mongodb-connection-string-url@3.0.2", "", { "dependencies": { "@types/whatwg-url": "^11.0.2", "whatwg-url": "^14.1.0 || ^13.0.0" } }, "sha512-rMO7CGo/9BFwyZABcKAWL8UJwH/Kc2x0g72uhDWzG48URRax5TCIcJ7Rc3RZqffZzO/Gwff/jyKwCU9TN8gehA=="],

    "pg-gateway": ["pg-gateway@0.3.0-beta.4", "", {}, "sha512-CTjsM7Z+0Nx2/dyZ6r8zRsc3f9FScoD5UAOlfUx1Fdv/JOIWvRbF7gou6l6vP+uypXQVoYPgw8xZDXgMGvBa4Q=="],

    "playwright": ["playwright@1.63.0", "", { "dependencies": { "playwright-core": "1.63.0" }, "bin": { "playwright": "cli.js" } }, "sha512-+7ziBLidS4NaNCdt57SUDT+wYmmd5fmiQejUic/kb+YsYSCPyOOE9sebzMjNmQrsnNpDJqd4WHvV/8lfKfUDUg=="],

    "playwright-core": ["playwright-core@1.63.0", "", { "bin": { "playwright-core": "cli.js" } }, "sha512-rYCsBF/M5HjUch52bbtVONEFjv6Xu8sm8h72dNlR5bzIE1fvC/bxgspzkjSfU+MweEMmPM8KJebG6nnyxo5mCg=="],

    "punycode": ["punycode@2.3.1", "", {}, "sha512-vYt7UD1U9Wg6138shLtLOvdAu+8DsC/ilFtEVHcH+wydcSpNE20AfSOduf6MkRFahL5FY7X1oU7nKVZFtfq8Fg=="],

    "smol-toml": ["smol-toml@1.9.0", "", {}, "sha512-hpd+HLON7HdZXqYchMM/+LaTTbdK0AU3NngIJ4KVyWbY9bfQqdL9cD+4yf6dUoU2Ap4VsU0JkQi6FxAI1B2mXQ=="],

    "sparse-bitfield": ["sparse-bitfield@3.0.3", "", { "dependencies": { "memory-pager": "^1.0.2" } }, "sha512-kvzhi7vqKTfkh0PZU+2D2PIllw2ymqJKujUcyPMd9Y75Nv4nPbGJZXNhxsgdQab2BmlDct1YnfQCguEvHr7VsQ=="],

    "tr46": ["tr46@5.1.1", "", { "dependencies": { "punycode": "^2.3.1" } }, "sha512-hdF5ZgjTqgAntKkklYw0R03MG2x/bSzTtkxmIRw/sTNV8YXsCJ1tfLAX23lhxhHJlEf3CRCOCGGWw3vI3GaSPw=="],

    "typescript": ["typescript@5.9.3", "", { "bin": { "tsc": "bin/tsc", "tsserver": "bin/tsserver" } }, "sha512-jl1vZzPDinLr9eUt3J/t7V6FgNEw9QjvBPdysz9KfQDD41fQrC2Y4vKQdiaUpFT4bXlb1RHhLpp8wtm6M5TgSw=="],

    "undici-types": ["undici-types@7.24.6", "", {}, "sha512-WRNW+sJgj5OBN4/0JpHFqtqzhpbnV0GuB+OozA9gCL7a993SmU+1JBZCzLNxYsbMfIeDL+lTsphD5jN5N+n0zg=="],

    "webidl-conversions": ["webidl-conversions@7.0.0", "", {}, "sha512-VwddBukDzu71offAQR975unBIGqfKZpM+8ZX6ySk8nYhVoo5CYaZyzt3YBvYtRtO+aoGlqxPg/B87NGVZ/fu6g=="],

    "whatwg-url": ["whatwg-url@14.2.0", "", { "dependencies": { "tr46": "^5.1.0", "webidl-conversions": "^7.0.0" } }, "sha512-De72GdQZzNTUBBChsXueQUnPKDkg/5A5zp7pFDuQAj5UFoENpiACU0wlCvzpAGnTkj++ihpKwKyYewn/XNUbKw=="],

    "ws": ["ws@8.22.0", "", { "peerDependencies": { "bufferutil": "^4.0.1", "utf-8-validate": ">=5.0.2" }, "optionalPeers": ["bufferutil", "utf-8-validate"] }, "sha512-Ydggc987+RO0AnWtZ/7Wq9FtNvcrL1b/RO0ud9mWjUPgDrsAAwQSF51sm2hm1XofbU/4jkpGEsLFsZZxU+1DOg=="],

    "yaml": ["yaml@2.9.0", "", { "bin": { "yaml": "bin.mjs" } }, "sha512-2AvhNX3mb8zd6Zy7INTtSpl1F15HW6Wnqj0srWlkKLcpYl/gMIMJiyuGq2KeI2YFxUPjdlB+3Lc10seMLtL4cA=="],

    "zod": ["zod@4.6.5", "", {}, "sha512-v5l/aFXZQeai4awLbOpSoHecE9UiMrnfx75tEXLjNonXVARxQ5mOeipTjROUchszUNCqnE+hqAMujRsRHsut2Q=="],
  }
}
